
Microsoft Visual Studio Solution File, Format Version 12.00
# Visual Studio 15
Project("{FAE04EC0-301F-11D3-BF4B-00C04F79EFBC}") = "PickAndDropAPI", "PickAndDropAPI\PickAndDropAPI.csproj", "{D2CA9CBB-2F88-4315-B535-AD82C9E1313E}"
EndProject
Global
	GlobalSection(SolutionConfigurationPlatforms) = preSolution
		Debug|Any CPU = Debug|Any CPU
		Release|Any CPU = Release|Any CPU
	EndGlobalSection
	GlobalSection(ProjectConfigurationPlatforms) = postSolution
		{D2CA9CBB-2F88-4315-B535-AD82C9E1313E}.Debug|Any CPU.ActiveCfg = Debug|Any CPU
		{D2CA9CBB-2F88-4315-B535-AD82C9E1313E}.Debug|Any CPU.Build.0 = Debug|Any CPU
		{D2CA9CBB-2F88-4315-B535-AD82C9E1313E}.Release|Any CPU.ActiveCfg = Release|Any CPU
		{D2CA9CBB-2F88-4315-B535-AD82C9E1313E}.Release|Any CPU.Build.0 = Release|Any CPU
	EndGlobalSection
EndGlobal
